
Microsoft Visual Studio Solution File, Format Version 12.00
# Visual Studio Version 17
VisualStudioVersion = 17.11.35327.3
MinimumVisualStudioVersion = 10.0.40219.1
Project("{FAE04EC0-301F-11D3-BF4B-00C04F79EFBC}") = "ai-test-tech", "ai-test-tech\ai-test-tech.csproj", "{DDAC8706-2F7C-4E0A-9A00-CF2BCD4F93EA}"
EndProject
Global
	GlobalSection(SolutionConfigurationPlatforms) = preSolution
		Debug|Any CPU = Debug|Any CPU
		Release|Any CPU = Release|Any CPU
	EndGlobalSection
	GlobalSection(ProjectConfigurationPlatforms) = postSolution
		{DDAC8706-2F7C-4E0A-9A00-CF2BCD4F93EA}.Debug|Any CPU.ActiveCfg = Debug|Any CPU
		{DDAC8706-2F7C-4E0A-9A00-CF2BCD4F93EA}.Debug|Any CPU.Build.0 = Debug|Any CPU
		{DDAC8706-2F7C-4E0A-9A00-CF2BCD4F93EA}.Release|Any CPU.ActiveCfg = Release|Any CPU
		{DDAC8706-2F7C-4E0A-9A00-CF2BCD4F93EA}.Release|Any CPU.Build.0 = Release|Any CPU
	EndGlobalSection
	GlobalSection(SolutionProperties) = preSolution
		HideSolutionNode = FALSE
	EndGlobalSection
	GlobalSection(ExtensibilityGlobals) = postSolution
		SolutionGuid = {4369C203-41A6-40BF-8CA4-F250ECABF28B}
	EndGlobalSection
EndGlobal
